// !$*UTF8*$!
{
	archiveVersion = 1;
	classes = {
	};
	objectVersion = 46;
	objects = {

/* Begin PBXBuildFile section */
		A3AA00FD1908E27C003B3277 /* Foundation.framework in Frameworks */ = {isa = PBXBuildFile; fileRef = A3AA00FC1908E27C003B3277 /* Foundation.framework */; };
		A3AA00FF1908E27C003B3277 /* CoreGraphics.framework in Frameworks */ = {isa = PBXBuildFile; fileRef = A3AA00FE1908E27C003B3277 /* CoreGraphics.framework */; };
		A3AA01011908E27C003B3277 /* UIKit.framework in Frameworks */ = {isa = PBXBuildFile; fileRef = A3AA01001908E27C003B3277 /* UIKit.framework */; };
		A3AA01071908E27C003B3277 /* InfoPlist.strings in Resources */ = {isa = PBXBuildFile; fileRef = A3AA01051908E27C003B3277 /* InfoPlist.strings */; };
		A3AA01091908E27C003B3277 /* main.m in Sources */ = {isa = PBXBuildFile; fileRef = A3AA01081908E27C003B3277 /* main.m */; };
		A3AA010D1908E27C003B3277 /* AppDelegate.m in Sources */ = {isa = PBXBuildFile; fileRef = A3AA010C1908E27C003B3277 /* AppDelegate.m */; };
		A3AA010F1908E27C003B3277 /* Images.xcassets in Resources */ = {isa = PBXBuildFile; fileRef = A3AA010E1908E27C003B3277 /* Images.xcassets */; };
		A3AA01161908E27C003B3277 /* XCTest.framework in Frameworks */ = {isa = PBXBuildFile; fileRef = A3AA01151908E27C003B3277 /* XCTest.framework */; };
		A3AA01171908E27C003B3277 /* Foundation.framework in Frameworks */ = {isa = PBXBuildFile; fileRef = A3AA00FC1908E27C003B3277 /* Foundation.framework */; };
		A3AA01181908E27C003B3277 /* UIKit.framework in Frameworks */ = {isa = PBXBuildFile; fileRef = A3AA01001908E27C003B3277 /* UIKit.framework */; };
		A3AA01201908E27C003B3277 /* InfoPlist.strings in Resources */ = {isa = PBXBuildFile; fileRef = A3AA011E1908E27C003B3277 /* InfoPlist.strings */; };
		A3AA01221908E27C003B3277 /* LukeFlowerTests.m in Sources */ = {isa = PBXBuildFile; fileRef = A3AA01211908E27C003B3277 /* LukeFlowerTests.m */; };
		A3AA012E1908E2F9003B3277 /* LukeFlowerViewController.m in Sources */ = {isa = PBXBuildFile; fileRef = A3AA012C1908E2F9003B3277 /* LukeFlowerViewController.m */; };
		A3AA012F1908E2F9003B3277 /* LukeFlowerViewController.xib in Resources */ = {isa = PBXBuildFile; fileRef = A3AA012D1908E2F9003B3277 /* LukeFlowerViewController.xib */; };
/* End PBXBuildFile section */

/* Begin PBXContainerItemProxy section */
		A3AA01191908E27C003B3277 /* PBXContainerItemProxy */ = {
			isa = PBXContainerItemProxy;
			containerPortal = A3AA00F11908E27C003B3277 /* Project object */;
			proxyType = 1;
			remoteGlobalIDString = A3AA00F81908E27C003B3277;
			remoteInfo = LukeFlower;
		};
/* End PBXContainerItemProxy section */

/* Begin PBXFileReference section */
		A3AA00F91908E27C003B3277 /* LukeFlower.app */ = {isa = PBXFileReference; explicitFileType = wrapper.application; includeInIndex = 0; path = LukeFlower.app; sourceTree = BUILT_PRODUCTS_DIR; };
		A3AA00FC1908E27C003B3277 /* Foundation.framework */ = {isa = PBXFileReference; lastKnownFileType = wrapper.framework; name = Foundation.framework; path = System/Library/Frameworks/Foundation.framework; sourceTree = SDKROOT; };
		A3AA00FE1908E27C003B3277 /* CoreGraphics.framework */ = {isa = PBXFileReference; lastKnownFileType = wrapper.framework; name = CoreGraphics.framework; path = System/Library/Frameworks/CoreGraphics.framework; sourceTree = SDKROOT; };
		A3AA01001908E27C003B3277 /* UIKit.framework */ = {isa = PBXFileReference; lastKnownFileType = wrapper.framework; name = UIKit.framework; path = System/Library/Frameworks/UIKit.framework; sourceTree = SDKROOT; };
		A3AA01041908E27C003B3277 /* LukeFlower-Info.plist */ = {isa = PBXFileReference; lastKnownFileType = text.plist.xml; path = "LukeFlower-Info.plist"; sourceTree = "<group>"; };
		A3AA01061908E27C003B3277 /* en */ = {isa = PBXFileReference; lastKnownFileType = text.plist.strings; name = en; path = en.lproj/InfoPlist.strings; sourceTree = "<group>"; };
		A3AA01081908E27C003B3277 /* main.m */ = {isa = PBXFileReference; lastKnownFileType = sourcecode.c.objc; path = main.m; sourceTree = "<group>"; };
		A3AA010A1908E27C003B3277 /* LukeFlower-Prefix.pch */ = {isa = PBXFileReference; lastKnownFileType = sourcecode.c.h; path = "LukeFlower-Prefix.pch"; sourceTree = "<group>"; };
		A3AA010B1908E27C003B3277 /* AppDelegate.h */ = {isa = PBXFileReference; lastKnownFileType = sourcecode.c.h; path = AppDelegate.h; sourceTree = "<group>"; };
		A3AA010C1908E27C003B3277 /* AppDelegate.m */ = {isa = PBXFileReference; lastKnownFileType = sourcecode.c.objc; path = AppDelegate.m; sourceTree = "<group>"; };
		A3AA010E1908E27C003B3277 /* Images.xcassets */ = {isa = PBXFileReference; lastKnownFileType = folder.assetcatalog; path = Images.xcassets; sourceTree = "<group>"; };
		A3AA01141908E27C003B3277 /* LukeFlowerTests.xctest */ = {isa = PBXFileReference; explicitFileType = wrapper.cfbundle; includeInIndex = 0; path = LukeFlowerTests.xctest; sourceTree = BUILT_PRODUCTS_DIR; };
		A3AA01151908E27C003B3277 /* XCTest.framework */ = {isa = PBXFileReference; lastKnownFileType = wrapper.framework; name = XCTest.framework; path = Library/Frameworks/XCTest.framework; sourceTree = DEVELOPER_DIR; };
		A3AA011D1908E27C003B3277 /* LukeFlowerTests-Info.plist */ = {isa = PBXFileReference; lastKnownFileType = text.plist.xml; path = "LukeFlowerTests-Info.plist"; sourceTree = "<group>"; };
		A3AA011F1908E27C003B3277 /* en */ = {isa = PBXFileReference; lastKnownFileType = text.plist.strings; name = en; path = en.lproj/InfoPlist.strings; sourceTree = "<group>"; };
		A3AA01211908E27C003B3277 /* LukeFlowerTests.m */ = {isa = PBXFileReference; lastKnownFileType = sourcecode.c.objc; path = LukeFlowerTests.m; sourceTree = "<group>"; };
		A3AA012B1908E2F9003B3277 /* LukeFlowerViewController.h */ = {isa = PBXFileReference; fileEncoding = 4; lastKnownFileType = sourcecode.c.h; path = LukeFlowerViewController.h; sourceTree = "<group>"; };
		A3AA012C1908E2F9003B3277 /* LukeFlowerViewController.m */ = {isa = PBXFileReference; fileEncoding = 4; lastKnownFileType = sourcecode.c.objc; path = LukeFlowerViewController.m; sourceTree = "<group>"; };
		A3AA012D1908E2F9003B3277 /* LukeFlowerViewController.xib */ = {isa = PBXFileReference; fileEncoding = 4; lastKnownFileType = file.xib; path = LukeFlowerViewController.xib; sourceTree = "<group>"; };
/* End PBXFileReference section */

/* Begin PBXFrameworksBuildPhase section */
		A3AA00F61908E27C003B3277 /* Frameworks */ = {
			isa = PBXFrameworksBuildPhase;
			buildActionMask = 2147483647;
			files = (
				A3AA00FF1908E27C003B3277 /* CoreGraphics.framework in Frameworks */,
				A3AA01011908E27C003B3277 /* UIKit.framework in Frameworks */,
				A3AA00FD1908E27C003B3277 /* Foundation.framework in Frameworks */,
			);
			runOnlyForDeploymentPostprocessing = 0;
		};
		A3AA01111908E27C003B3277 /* Frameworks */ = {
			isa = PBXFrameworksBuildPhase;
			buildActionMask = 2147483647;
			files = (
				A3AA01161908E27C003B3277 /* XCTest.framework in Frameworks */,
				A3AA01181908E27C003B3277 /* UIKit.framework in Frameworks */,
				A3AA01171908E27C003B3277 /* Foundation.framework in Frameworks */,
			);
			runOnlyForDeploymentPostprocessing = 0;
		};
/* End PBXFrameworksBuildPhase section */

/* Begin PBXGroup section */
		A3AA00F01908E27C003B3277 = {
			isa = PBXGroup;
			children = (
				A3AA01021908E27C003B3277 /* LukeFlower */,
				A3AA011B1908E27C003B3277 /* LukeFlowerTests */,
				A3AA00FB1908E27C003B3277 /* Frameworks */,
				A3AA00FA1908E27C003B3277 /* Products */,
			);
			sourceTree = "<group>";
		};
		A3AA00FA1908E27C003B3277 /* Products */ = {
			isa = PBXGroup;
			children = (
				A3AA00F91908E27C003B3277 /* LukeFlower.app */,
				A3AA01141908E27C003B3277 /* LukeFlowerTests.xctest */,
			);
			name = Products;
			sourceTree = "<group>";
		};
		A3AA00FB1908E27C003B3277 /* Frameworks */ = {
			isa = PBXGroup;
			children = (
				A3AA00FC1908E27C003B3277 /* Foundation.framework */,
				A3AA00FE1908E27C003B3277 /* CoreGraphics.framework */,
				A3AA01001908E27C003B3277 /* UIKit.framework */,
				A3AA01151908E27C003B3277 /* XCTest.framework */,
			);
			name = Frameworks;
			sourceTree = "<group>";
		};
		A3AA01021908E27C003B3277 /* LukeFlower */ = {
			isa = PBXGroup;
			children = (
				A3AA010B1908E27C003B3277 /* AppDelegate.h */,
				A3AA010C1908E27C003B3277 /* AppDelegate.m */,
				A3AA010E1908E27C003B3277 /* Images.xcassets */,
				A3AA01031908E27C003B3277 /* Supporting Files */,
				A3AA012B1908E2F9003B3277 /* LukeFlowerViewController.h */,
				A3AA012C1908E2F9003B3277 /* LukeFlowerViewController.m */,
				A3AA012D1908E2F9003B3277 /* LukeFlowerViewController.xib */,
			);
			path = LukeFlower;
			sourceTree = "<group>";
		};
		A3AA01031908E27C003B3277 /* Supporting Files */ = {
			isa = PBXGroup;
			children = (
				A3AA01041908E27C003B3277 /* LukeFlower-Info.plist */,
				A3AA01051908E27C003B3277 /* InfoPlist.strings */,
				A3AA01081908E27C003B3277 /* main.m */,
				A3AA010A1908E27C003B3277 /* LukeFlower-Prefix.pch */,
			);
			name = "Supporting Files";
			sourceTree = "<group>";
		};
		A3AA011B1908E27C003B3277 /* LukeFlowerTests */ = {
			isa = PBXGroup;
			children = (
				A3AA01211908E27C003B3277 /* LukeFlowerTests.m */,
				A3AA011C1908E27C003B3277 /* Supporting Files */,
			);
			path = LukeFlowerTests;
			sourceTree = "<group>";
		};
		A3AA011C1908E27C003B3277 /* Supporting Files */ = {
			isa = PBXGroup;
			children = (
				A3AA011D1908E27C003B3277 /* LukeFlowerTests-Info.plist */,
				A3AA011E1908E27C003B3277 /* InfoPlist.strings */,
			);
			name = "Supporting Files";
			sourceTree = "<group>";
		};
/* End PBXGroup section */

/* Begin PBXNativeTarget section */
		A3AA00F81908E27C003B3277 /* LukeFlower */ = {
			isa = PBXNativeTarget;
			buildConfigurationList = A3AA01251908E27C003B3277 /* Build configuration list for PBXNativeTarget "LukeFlower" */;
			buildPhases = (
				A3AA00F51908E27C003B3277 /* Sources */,
				A3AA00F61908E27C003B3277 /* Frameworks */,
				A3AA00F71908E27C003B3277 /* Resources */,
			);
			buildRules = (
			);
			dependencies = (
			);
			name = LukeFlower;
			productName = LukeFlower;
			productReference = A3AA00F91908E27C003B3277 /* LukeFlower.app */;
			productType = "com.apple.product-type.application";
		};
		A3AA01131908E27C003B3277 /* LukeFlowerTests */ = {
			isa = PBXNativeTarget;
			buildConfigurationList = A3AA01281908E27C003B3277 /* Build configuration list for PBXNativeTarget "LukeFlowerTests" */;
			buildPhases = (
				A3AA01101908E27C003B3277 /* Sources */,
				A3AA01111908E27C003B3277 /* Frameworks */,
				A3AA01121908E27C003B3277 /* Resources */,
			);
			buildRules = (
			);
			dependencies = (
				A3AA011A1908E27C003B3277 /* PBXTargetDependency */,
			);
			name = LukeFlowerTests;
			productName = LukeFlowerTests;
			productReference = A3AA01141908E27C003B3277 /* LukeFlowerTests.xctest */;
			productType = "com.apple.product-type.bundle.unit-test";
		};
/* End PBXNativeTarget section */

/* Begin PBXProject section */
		A3AA00F11908E27C003B3277 /* Project object */ = {
			isa = PBXProject;
			attributes = {
				LastUpgradeCheck = 0500;
				ORGANIZATIONNAME = Luke;
				TargetAttributes = {
					A3AA01131908E27C003B3277 = {
						TestTargetID = A3AA00F81908E27C003B3277;
					};
				};
			};
			buildConfigurationList = A3AA00F41908E27C003B3277 /* Build configuration list for PBXProject "LukeFlower" */;
			compatibilityVersion = "Xcode 3.2";
			developmentRegion = English;
			hasScannedForEncodings = 0;
			knownRegions = (
				en,
			);
			mainGroup = A3AA00F01908E27C003B3277;
			productRefGroup = A3AA00FA1908E27C003B3277 /* Products */;
			projectDirPath = "";
			projectRoot = "";
			targets = (
				A3AA00F81908E27C003B3277 /* LukeFlower */,
				A3AA01131908E27C003B3277 /* LukeFlowerTests */,
			);
		};
/* End PBXProject section */

/* Begin PBXResourcesBuildPhase section */
		A3AA00F71908E27C003B3277 /* Resources */ = {
			isa = PBXResourcesBuildPhase;
			buildActionMask = 2147483647;
			files = (
				A3AA01071908E27C003B3277 /* InfoPlist.strings in Resources */,
				A3AA012F1908E2F9003B3277 /* LukeFlowerViewController.xib in Resources */,
				A3AA010F1908E27C003B3277 /* Images.xcassets in Resources */,
			);
			runOnlyForDeploymentPostprocessing = 0;
		};
		A3AA01121908E27C003B3277 /* Resources */ = {
			isa = PBXResourcesBuildPhase;
			buildActionMask = 2147483647;
			files = (
				A3AA01201908E27C003B3277 /* InfoPlist.strings in Resources */,
			);
			runOnlyForDeploymentPostprocessing = 0;
		};
/* End PBXResourcesBuildPhase section */

/* Begin PBXSourcesBuildPhase section */
		A3AA00F51908E27C003B3277 /* Sources */ = {
			isa = PBXSourcesBuildPhase;
			buildActionMask = 2147483647;
			files = (
				A3AA012E1908E2F9003B3277 /* LukeFlowerViewController.m in Sources */,
				A3AA010D1908E27C003B3277 /* AppDelegate.m in Sources */,
				A3AA01091908E27C003B3277 /* main.m in Sources */,
			);
			runOnlyForDeploymentPostprocessing = 0;
		};
		A3AA01101908E27C003B3277 /* Sources */ = {
			isa = PBXSourcesBuildPhase;
			buildActionMask = 2147483647;
			files = (
				A3AA01221908E27C003B3277 /* LukeFlowerTests.m in Sources */,
			);
			runOnlyForDeploymentPostprocessing = 0;
		};
/* End PBXSourcesBuildPhase section */

/* Begin PBXTargetDependency section */
		A3AA011A1908E27C003B3277 /* PBXTargetDependency */ = {
			isa = PBXTargetDependency;
			target = A3AA00F81908E27C003B3277 /* LukeFlower */;
			targetProxy = A3AA01191908E27C003B3277 /* PBXContainerItemProxy */;
		};
/* End PBXTargetDependency section */

/* Begin PBXVariantGroup section */
		A3AA01051908E27C003B3277 /* InfoPlist.strings */ = {
			isa = PBXVariantGroup;
			children = (
				A3AA01061908E27C003B3277 /* en */,
			);
			name = InfoPlist.strings;
			sourceTree = "<group>";
		};
		A3AA011E1908E27C003B3277 /* InfoPlist.strings */ = {
			isa = PBXVariantGroup;
			children = (
				A3AA011F1908E27C003B3277 /* en */,
			);
			name = InfoPlist.strings;
			sourceTree = "<group>";
		};
/* End PBXVariantGroup section */

/* Begin XCBuildConfiguration section */
		A3AA01231908E27C003B3277 /* Debug */ = {
			isa = XCBuildConfiguration;
			buildSettings = {
				ALWAYS_SEARCH_USER_PATHS = NO;
				ARCHS = "$(ARCHS_STANDARD_INCLUDING_64_BIT)";
				CLANG_CXX_LANGUAGE_STANDARD = "gnu++0x";
				CLANG_CXX_LIBRARY = "libc++";
				CLANG_ENABLE_MODULES = YES;
				CLANG_ENABLE_OBJC_ARC = YES;
				CLANG_WARN_BOOL_CONVERSION = YES;
				CLANG_WARN_CONSTANT_CONVERSION = YES;
				CLANG_WARN_DIRECT_OBJC_ISA_USAGE = YES_ERROR;
				CLANG_WARN_EMPTY_BODY = YES;
				CLANG_WARN_ENUM_CONVERSION = YES;
				CLANG_WARN_INT_CONVERSION = YES;
				CLANG_WARN_OBJC_ROOT_CLASS = YES_ERROR;
				CLANG_WARN__DUPLICATE_METHOD_MATCH = YES;
				"CODE_SIGN_IDENTITY[sdk=iphoneos*]" = "iPhone Developer";
				COPY_PHASE_STRIP = NO;
				GCC_C_LANGUAGE_STANDARD = gnu99;
				GCC_DYNAMIC_NO_PIC = NO;
				GCC_OPTIMIZATION_LEVEL = 0;
				GCC_PREPROCESSOR_DEFINITIONS = (
					"DEBUG=1",
					"$(inherited)",
				);
				GCC_SYMBOLS_PRIVATE_EXTERN = NO;
				GCC_WARN_64_TO_32_BIT_CONVERSION = YES;
				GCC_WARN_ABOUT_RETURN_TYPE = YES_ERROR;
				GCC_WARN_UNDECLARED_SELECTOR = YES;
				GCC_WARN_UNINITIALIZED_AUTOS = YES;
				GCC_WARN_UNUSED_FUNCTION = YES;
				GCC_WARN_UNUSED_VARIABLE = YES;
				IPHONEOS_DEPLOYMENT_TARGET = 7.0;
				ONLY_ACTIVE_ARCH = YES;
				SDKROOT = iphoneos;
			};
			name = Debug;
		};
		A3AA01241908E27C003B3277 /* Release */ = {
			isa = XCBuildConfiguration;
			buildSettings = {
				ALWAYS_SEARCH_USER_PATHS = NO;
				ARCHS = "$(ARCHS_STANDARD_INCLUDING_64_BIT)";
				CLANG_CXX_LANGUAGE_STANDARD = "gnu++0x";
				CLANG_CXX_LIBRARY = "libc++";
				CLANG_ENABLE_MODULES = YES;
				CLANG_ENABLE_OBJC_ARC = YES;
				CLANG_WARN_BOOL_CONVERSION = YES;
				CLANG_WARN_CONSTANT_CONVERSION = YES;
				CLANG_WARN_DIRECT_OBJC_ISA_USAGE = YES_ERROR;
				CLANG_WARN_EMPTY_BODY = YES;
				CLANG_WARN_ENUM_CONVERSION = YES;
				CLANG_WARN_INT_CONVERSION = YES;
				CLANG_WARN_OBJC_ROOT_CLASS = YES_ERROR;
				CLANG_WARN__DUPLICATE_METHOD_MATCH = YES;
				"CODE_SIGN_IDENTITY[sdk=iphoneos*]" = "iPhone Developer";
				COPY_PHASE_STRIP = YES;
				ENABLE_NS_ASSERTIONS = NO;
				GCC_C_LANGUAGE_STANDARD = gnu99;
				GCC_WARN_64_TO_32_BIT_CONVERSION = YES;
				GCC_WARN_ABOUT_RETURN_TYPE = YES_ERROR;
				GCC_WARN_UNDECLARED_SELECTOR = YES;
				GCC_WARN_UNINITIALIZED_AUTOS = YES;
				GCC_WARN_UNUSED_FUNCTION = YES;
				GCC_WARN_UNUSED_VARIABLE = YES;
				IPHONEOS_DEPLOYMENT_TARGET = 7.0;
				SDKROOT = iphoneos;
				VALIDATE_PRODUCT = YES;
			};
			name = Release;
		};
		A3AA01261908E27C003B3277 /* Debug */ = {
			isa = XCBuildConfiguration;
			buildSettings = {
				ASSETCATALOG_COMPILER_APPICON_NAME = AppIcon;
				ASSETCATALOG_COMPILER_LAUNCHIMAGE_NAME = LaunchImage;
				GCC_PRECOMPILE_PREFIX_HEADER = YES;
				GCC_PREFIX_HEADER = "LukeFlower/LukeFlower-Prefix.pch";
				INFOPLIST_FILE = "LukeFlower/LukeFlower-Info.plist";
				PRODUCT_NAME = "$(TARGET_NAME)";
				WRAPPER_EXTENSION = app;
			};
			name = Debug;
		};
		A3AA01271908E27C003B3277 /* Release */ = {
			isa = XCBuildConfiguration;
			buildSettings = {
				ASSETCATALOG_COMPILER_APPICON_NAME = AppIcon;
				ASSETCATALOG_COMPILER_LAUNCHIMAGE_NAME = LaunchImage;
				GCC_PRECOMPILE_PREFIX_HEADER = YES;
				GCC_PREFIX_HEADER = "LukeFlower/LukeFlower-Prefix.pch";
				INFOPLIST_FILE = "LukeFlower/LukeFlower-Info.plist";
				PRODUCT_NAME = "$(TARGET_NAME)";
				WRAPPER_EXTENSION = app;
			};
			name = Release;
		};
		A3AA01291908E27C003B3277 /* Debug */ = {
			isa = XCBuildConfiguration;
			buildSettings = {
				ARCHS = "$(ARCHS_STANDARD_INCLUDING_64_BIT)";
				BUNDLE_LOADER = "$(BUILT_PRODUCTS_DIR)/LukeFlower.app/LukeFlower";
				FRAMEWORK_SEARCH_PATHS = (
					"$(SDKROOT)/Developer/Library/Frameworks",
					"$(inherited)",
					"$(DEVELOPER_FRAMEWORKS_DIR)",
				);
				GCC_PRECOMPILE_PREFIX_HEADER = YES;
				GCC_PREFIX_HEADER = "LukeFlower/LukeFlower-Prefix.pch";
				GCC_PREPROCESSOR_DEFINITIONS = (
					"DEBUG=1",
					"$(inherited)",
				);
				INFOPLIST_FILE = "LukeFlowerTests/LukeFlowerTests-Info.plist";
				PRODUCT_NAME = "$(TARGET_NAME)";
				TEST_HOST = "$(BUNDLE_LOADER)";
				WRAPPER_EXTENSION = xctest;
			};
			name = Debug;
		};
		A3AA012A1908E27C003B3277 /* Release */ = {
			isa = XCBuildConfiguration;
			buildSettings = {
				ARCHS = "$(ARCHS_STANDARD_INCLUDING_64_BIT)";
				BUNDLE_LOADER = "$(BUILT_PRODUCTS_DIR)/LukeFlower.app/LukeFlower";
				FRAMEWORK_SEARCH_PATHS = (
					"$(SDKROOT)/Developer/Library/Frameworks",
					"$(inherited)",
					"$(DEVELOPER_FRAMEWORKS_DIR)",
				);
				GCC_PRECOMPILE_PREFIX_HEADER = YES;
				GCC_PREFIX_HEADER = "LukeFlower/LukeFlower-Prefix.pch";
				INFOPLIST_FILE = "LukeFlowerTests/LukeFlowerTests-Info.plist";
				PRODUCT_NAME = "$(TARGET_NAME)";
				TEST_HOST = "$(BUNDLE_LOADER)";
				WRAPPER_EXTENSION = xctest;
			};
			name = Release;
		};
/* End XCBuildConfiguration section */

/* Begin XCConfigurationList section */
		A3AA00F41908E27C003B3277 /* Build configuration list for PBXProject "LukeFlower" */ = {
			isa = XCConfigurationList;
			buildConfigurations = (
				A3AA01231908E27C003B3277 /* Debug */,
				A3AA01241908E27C003B3277 /* Release */,
			);
			defaultConfigurationIsVisible = 0;
			defaultConfigurationName = Release;
		};
		A3AA01251908E27C003B3277 /* Build configuration list for PBXNativeTarget "LukeFlower" */ = {
			isa = XCConfigurationList;
			buildConfigurations = (
				A3AA01261908E27C003B3277 /* Debug */,
				A3AA01271908E27C003B3277 /* Release */,
			);
			defaultConfigurationIsVisible = 0;
		};
		A3AA01281908E27C003B3277 /* Build configuration list for PBXNativeTarget "LukeFlowerTests" */ = {
			isa = XCConfigurationList;
			buildConfigurations = (
				A3AA01291908E27C003B3277 /* Debug */,
				A3AA012A1908E27C003B3277 /* Release */,
			);
			defaultConfigurationIsVisible = 0;
		};
/* End XCConfigurationList section */
	};
	rootObject = A3AA00F11908E27C003B3277 /* Project object */;
}
